
Microsoft Visual Studio Solution File, Format Version 12.00
# Visual Studio Version 16
VisualStudioVersion = 16.0.30626.31
MinimumVisualStudioVersion = 10.0.40219.1
Project("{9A19103F-16F7-4668-BE54-9A1E7A4F7556}") = "GriffinPlus.Lib.Logging", "src\GriffinPlus.Lib.Logging\GriffinPlus.Lib.Logging.csproj", "{DF54D759-C5FD-431F-A3C2-BD84FC6BA93C}"
EndProject
Project("{9A19103F-16F7-4668-BE54-9A1E7A4F7556}") = "GriffinPlus.Lib.Logging.Tests", "src\GriffinPlus.Lib.Logging.Tests\GriffinPlus.Lib.Logging.Tests.csproj", "{AFFB8406-5D09-4D94-A234-464BE8120FB4}"
EndProject
Project("{9A19103F-16F7-4668-BE54-9A1E7A4F7556}") = "GriffinPlus.Lib.Logging.Demo", "src\GriffinPlus.Lib.Logging.Demo\GriffinPlus.Lib.Logging.Demo.csproj", "{6A4C097C-7533-4E74-955A-3E745CB12D84}"
EndProject
Project("{2150E333-8FDC-42A3-9474-1A3956D46DE8}") = "Repository Files", "Repository Files", "{06970F0A-54D8-4B28-ADEC-C9C672BCB93B}"
	ProjectSection(SolutionItems) = preProject
		.gitignore = .gitignore
		azure-pipelines.yml = azure-pipelines.yml
		Build.ps1 = Build.ps1
		CHANGELOG.md = CHANGELOG.md
		src\CommonAssemblyInfo.cs = src\CommonAssemblyInfo.cs
		src\Directory.Build.props = src\Directory.Build.props
		src\Directory.Build.targets = src\Directory.Build.targets
		LICENSE = LICENSE
		Logging.sln.DotSettings = Logging.sln.DotSettings
		README.md = README.md
		src\tests.runsettings = src\tests.runsettings
	EndProjectSection
EndProject
Project("{9A19103F-16F7-4668-BE54-9A1E7A4F7556}") = "GriffinPlus.Lib.Logging.LocalLogServicePipelineStage", "src\GriffinPlus.Lib.Logging.LocalLogServicePipelineStage\GriffinPlus.Lib.Logging.LocalLogServicePipelineStage.csproj", "{EFB64517-A298-4BD1-864F-66B253EEBA7A}"
EndProject
Project("{9A19103F-16F7-4668-BE54-9A1E7A4F7556}") = "ConsolePrinter", "src\ConsolePrinter\ConsolePrinter.csproj", "{17D6FDE0-987A-4C78-BE7F-97757B0E8A64}"
EndProject
Project("{2150E333-8FDC-42A3-9474-1A3956D46DE8}") = "build.vs", "build.vs", "{A60613DA-9A84-417D-B737-40CC37FC47E3}"
	ProjectSection(SolutionItems) = preProject
		build.vs\AssemblyInfoVersion.cs = build.vs\AssemblyInfoVersion.cs
		build.vs\AssemblyInfoVersion.mcpp = build.vs\AssemblyInfoVersion.mcpp
		build.vs\Build.psm1 = build.vs\Build.psm1
		build.vs\Clean.psm1 = build.vs\Clean.psm1
		build.vs\Configuration.psm1 = build.vs\Configuration.psm1
		build.vs\CopyFilesFromListToFolder.psm1 = build.vs\CopyFilesFromListToFolder.psm1
		build.vs\CopyToReleaseFolder.psm1 = build.vs\CopyToReleaseFolder.psm1
		build.vs\Directory.Build.Cpp.props = build.vs\Directory.Build.Cpp.props
		build.vs\Directory.Build.Cpp.targets = build.vs\Directory.Build.Cpp.targets
		build.vs\Directory.Build.Cs.props = build.vs\Directory.Build.Cs.props
		build.vs\Directory.Build.Cs.targets = build.vs\Directory.Build.Cs.targets
		build.vs\Directory.Build.props = build.vs\Directory.Build.props
		build.vs\Directory.Build.targets = build.vs\Directory.Build.targets
		build.vs\GitVersion.psm1 = build.vs\GitVersion.psm1
		build.vs\GitVersion.yml = build.vs\GitVersion.yml
		build.vs\Helper.psm1 = build.vs\Helper.psm1
		build.vs\LICENSE = build.vs\LICENSE
		build.vs\LicenseCollector.psm1 = build.vs\LicenseCollector.psm1
		build.vs\NuGet.msbuild = build.vs\NuGet.msbuild
		build.vs\PackNuGet.psm1 = build.vs\PackNuGet.psm1
		build.vs\PreBuildWizard.psm1 = build.vs\PreBuildWizard.psm1
		build.vs\README.md = build.vs\README.md
		build.vs\ReSharper.DotSettings = build.vs\ReSharper.DotSettings
		build.vs\RestoreNuGet.psm1 = build.vs\RestoreNuGet.psm1
		build.vs\UpdateOutputFileList.psm1 = build.vs\UpdateOutputFileList.psm1
	EndProjectSection
EndProject
Project("{9A19103F-16F7-4668-BE54-9A1E7A4F7556}") = "GriffinPlus.Lib.Logging.LogFile", "src\GriffinPlus.Lib.Logging.LogFile\GriffinPlus.Lib.Logging.LogFile.csproj", "{EFCE565D-F313-4834-B2D6-AD5284E24464}"
EndProject
Project("{9A19103F-16F7-4668-BE54-9A1E7A4F7556}") = "GriffinPlus.Lib.Logging.LogFile.Tests", "src\GriffinPlus.Lib.Logging.LogFile.Tests\GriffinPlus.Lib.Logging.LogFile.Tests.csproj", "{0FD81A8E-8645-46AA-B1A0-AE55386514E4}"
EndProject
Project("{2150E333-8FDC-42A3-9474-1A3956D46DE8}") = "azure-pipelines", "azure-pipelines", "{4A957793-E9E3-407E-91EC-D18C6D63DB51}"
	ProjectSection(SolutionItems) = preProject
		build.vs\azure-pipelines\ci-csharp-netstandard20-with-deployment-on-tag.yml = build.vs\azure-pipelines\ci-csharp-netstandard20-with-deployment-on-tag.yml
	EndProjectSection
EndProject
Global
	GlobalSection(SolutionConfigurationPlatforms) = preSolution
		Debug|Any CPU = Debug|Any CPU
		Release|Any CPU = Release|Any CPU
	EndGlobalSection
	GlobalSection(ProjectConfigurationPlatforms) = postSolution
		{DF54D759-C5FD-431F-A3C2-BD84FC6BA93C}.Debug|Any CPU.ActiveCfg = Debug|Any CPU
		{DF54D759-C5FD-431F-A3C2-BD84FC6BA93C}.Debug|Any CPU.Build.0 = Debug|Any CPU
		{DF54D759-C5FD-431F-A3C2-BD84FC6BA93C}.Release|Any CPU.ActiveCfg = Release|Any CPU
		{DF54D759-C5FD-431F-A3C2-BD84FC6BA93C}.Release|Any CPU.Build.0 = Release|Any CPU
		{AFFB8406-5D09-4D94-A234-464BE8120FB4}.Debug|Any CPU.ActiveCfg = Debug|Any CPU
		{AFFB8406-5D09-4D94-A234-464BE8120FB4}.Debug|Any CPU.Build.0 = Debug|Any CPU
		{AFFB8406-5D09-4D94-A234-464BE8120FB4}.Release|Any CPU.ActiveCfg = Release|Any CPU
		{AFFB8406-5D09-4D94-A234-464BE8120FB4}.Release|Any CPU.Build.0 = Release|Any CPU
		{6A4C097C-7533-4E74-955A-3E745CB12D84}.Debug|Any CPU.ActiveCfg = Debug|Any CPU
		{6A4C097C-7533-4E74-955A-3E745CB12D84}.Debug|Any CPU.Build.0 = Debug|Any CPU
		{6A4C097C-7533-4E74-955A-3E745CB12D84}.Release|Any CPU.ActiveCfg = Release|Any CPU
		{6A4C097C-7533-4E74-955A-3E745CB12D84}.Release|Any CPU.Build.0 = Release|Any CPU
		{EFB64517-A298-4BD1-864F-66B253EEBA7A}.Debug|Any CPU.ActiveCfg = Debug|Any CPU
		{EFB64517-A298-4BD1-864F-66B253EEBA7A}.Debug|Any CPU.Build.0 = Debug|Any CPU
		{EFB64517-A298-4BD1-864F-66B253EEBA7A}.Release|Any CPU.ActiveCfg = Release|Any CPU
		{EFB64517-A298-4BD1-864F-66B253EEBA7A}.Release|Any CPU.Build.0 = Release|Any CPU
		{17D6FDE0-987A-4C78-BE7F-97757B0E8A64}.Debug|Any CPU.ActiveCfg = Debug|Any CPU
		{17D6FDE0-987A-4C78-BE7F-97757B0E8A64}.Debug|Any CPU.Build.0 = Debug|Any CPU
		{17D6FDE0-987A-4C78-BE7F-97757B0E8A64}.Release|Any CPU.ActiveCfg = Release|Any CPU
		{17D6FDE0-987A-4C78-BE7F-97757B0E8A64}.Release|Any CPU.Build.0 = Release|Any CPU
		{EFCE565D-F313-4834-B2D6-AD5284E24464}.Debug|Any CPU.ActiveCfg = Debug|Any CPU
		{EFCE565D-F313-4834-B2D6-AD5284E24464}.Debug|Any CPU.Build.0 = Debug|Any CPU
		{EFCE565D-F313-4834-B2D6-AD5284E24464}.Release|Any CPU.ActiveCfg = Release|Any CPU
		{EFCE565D-F313-4834-B2D6-AD5284E24464}.Release|Any CPU.Build.0 = Release|Any CPU
		{0FD81A8E-8645-46AA-B1A0-AE55386514E4}.Debug|Any CPU.ActiveCfg = Debug|Any CPU
		{0FD81A8E-8645-46AA-B1A0-AE55386514E4}.Debug|Any CPU.Build.0 = Debug|Any CPU
		{0FD81A8E-8645-46AA-B1A0-AE55386514E4}.Release|Any CPU.ActiveCfg = Release|Any CPU
		{0FD81A8E-8645-46AA-B1A0-AE55386514E4}.Release|Any CPU.Build.0 = Release|Any CPU
	EndGlobalSection
	GlobalSection(SolutionProperties) = preSolution
		HideSolutionNode = FALSE
	EndGlobalSection
	GlobalSection(NestedProjects) = preSolution
		{4A957793-E9E3-407E-91EC-D18C6D63DB51} = {A60613DA-9A84-417D-B737-40CC37FC47E3}
	EndGlobalSection
	GlobalSection(ExtensibilityGlobals) = postSolution
		SolutionGuid = {144ED164-6EC1-42FC-912C-EB9C920DB329}
	EndGlobalSection
EndGlobal
